
Microsoft Visual Studio Solution File, Format Version 9.00
# Visual Studio 2005
Project("{8BC9CEB8-8B4A-11D0-8D11-00A0C91BC942}") = "Dmcd7", "Dmcd7.vcproj", "{A6817436-B18C-4B3D-A039-2DC59BFD02FD}"
EndProject
Global
	GlobalSection(SolutionConfigurationPlatforms) = preSolution
		Debug|Win32 = Debug|Win32
		Release|Win32 = Release|Win32
	EndGlobalSection
	GlobalSection(ProjectConfigurationPlatforms) = postSolution
		{A6817436-B18C-4B3D-A039-2DC59BFD02FD}.Debug|Win32.ActiveCfg = Debug|Win32
		{A6817436-B18C-4B3D-A039-2DC59BFD02FD}.Debug|Win32.Build.0 = Debug|Win32
		{A6817436-B18C-4B3D-A039-2DC59BFD02FD}.Release|Win32.ActiveCfg = Release|Win32
		{A6817436-B18C-4B3D-A039-2DC59BFD02FD}.Release|Win32.Build.0 = Release|Win32
	EndGlobalSection
	GlobalSection(SolutionProperties) = preSolution
		HideSolutionNode = FALSE
	EndGlobalSection
EndGlobal
